
Microsoft Visual Studio Solution File, Format Version 12.00
# Visual Studio Version 16
VisualStudioVersion = 16.0.31702.278
MinimumVisualStudioVersion = 10.0.40219.1
Project("{FAE04EC0-301F-11D3-BF4B-00C04F79EFBC}") = "CitiesBlazorProgressive.Server", "CitiesBlazorProgressive\Server\CitiesBlazorProgressive.Server.csproj", "{B952554A-100D-43F6-B52A-E09AC4DE3A19}"
EndProject
Project("{FAE04EC0-301F-11D3-BF4B-00C04F79EFBC}") = "CitiesBlazorProgressive.Client", "CitiesBlazorProgressive\Client\CitiesBlazorProgressive.Client.csproj", "{A7F7C17F-DAC9-4D26-827D-3BDE14D20B1A}"
EndProject
Project("{FAE04EC0-301F-11D3-BF4B-00C04F79EFBC}") = "CitiesBlazorProgressive.Shared", "CitiesBlazorProgressive\Shared\CitiesBlazorProgressive.Shared.csproj", "{0CF4279A-992A-4F21-A4EC-C761B79902C7}"
EndProject
Global
	GlobalSection(SolutionConfigurationPlatforms) = preSolution
		Debug|Any CPU = Debug|Any CPU
		Release|Any CPU = Release|Any CPU
	EndGlobalSection
	GlobalSection(ProjectConfigurationPlatforms) = postSolution
		{B952554A-100D-43F6-B52A-E09AC4DE3A19}.Debug|Any CPU.ActiveCfg = Debug|Any CPU
		{B952554A-100D-43F6-B52A-E09AC4DE3A19}.Debug|Any CPU.Build.0 = Debug|Any CPU
		{B952554A-100D-43F6-B52A-E09AC4DE3A19}.Release|Any CPU.ActiveCfg = Release|Any CPU
		{B952554A-100D-43F6-B52A-E09AC4DE3A19}.Release|Any CPU.Build.0 = Release|Any CPU
		{A7F7C17F-DAC9-4D26-827D-3BDE14D20B1A}.Debug|Any CPU.ActiveCfg = Debug|Any CPU
		{A7F7C17F-DAC9-4D26-827D-3BDE14D20B1A}.Debug|Any CPU.Build.0 = Debug|Any CPU
		{A7F7C17F-DAC9-4D26-827D-3BDE14D20B1A}.Release|Any CPU.ActiveCfg = Release|Any CPU
		{A7F7C17F-DAC9-4D26-827D-3BDE14D20B1A}.Release|Any CPU.Build.0 = Release|Any CPU
		{0CF4279A-992A-4F21-A4EC-C761B79902C7}.Debug|Any CPU.ActiveCfg = Debug|Any CPU
		{0CF4279A-992A-4F21-A4EC-C761B79902C7}.Debug|Any CPU.Build.0 = Debug|Any CPU
		{0CF4279A-992A-4F21-A4EC-C761B79902C7}.Release|Any CPU.ActiveCfg = Release|Any CPU
		{0CF4279A-992A-4F21-A4EC-C761B79902C7}.Release|Any CPU.Build.0 = Release|Any CPU
	EndGlobalSection
	GlobalSection(SolutionProperties) = preSolution
		HideSolutionNode = FALSE
	EndGlobalSection
	GlobalSection(ExtensibilityGlobals) = postSolution
		SolutionGuid = {7FE05979-AF6A-46CF-8D84-344E7E89F08D}
	EndGlobalSection
EndGlobal
